
Microsoft Visual Studio Solution File, Format Version 12.00
# Visual Studio 15
VisualStudioVersion = 15.0.28010.2019
MinimumVisualStudioVersion = 10.0.40219.1
Project("{FAE04EC0-301F-11D3-BF4B-00C04F79EFBC}") = "PLD.WebApi.Angular", "PLD.WebApi.Angular\PLD.WebApi.Angular.csproj", "{7A5CD1D5-3C57-49C6-A693-FD611DD18819}"
EndProject
Global
	GlobalSection(SolutionConfigurationPlatforms) = preSolution
		Debug|Any CPU = Debug|Any CPU
		Release|Any CPU = Release|Any CPU
	EndGlobalSection
	GlobalSection(ProjectConfigurationPlatforms) = postSolution
		{7A5CD1D5-3C57-49C6-A693-FD611DD18819}.Debug|Any CPU.ActiveCfg = Debug|Any CPU
		{7A5CD1D5-3C57-49C6-A693-FD611DD18819}.Debug|Any CPU.Build.0 = Debug|Any CPU
		{7A5CD1D5-3C57-49C6-A693-FD611DD18819}.Release|Any CPU.ActiveCfg = Release|Any CPU
		{7A5CD1D5-3C57-49C6-A693-FD611DD18819}.Release|Any CPU.Build.0 = Release|Any CPU
	EndGlobalSection
	GlobalSection(SolutionProperties) = preSolution
		HideSolutionNode = FALSE
	EndGlobalSection
	GlobalSection(ExtensibilityGlobals) = postSolution
		SolutionGuid = {B5C6B8E4-7226-47EC-988F-67CCA8E2BF7D}
	EndGlobalSection
EndGlobal
